
Microsoft Visual Studio Solution File, Format Version 12.00
# Visual Studio 15
VisualStudioVersion = 15.0.26403.7
MinimumVisualStudioVersion = 10.0.40219.1
Project("{FAE04EC0-301F-11D3-BF4B-00C04F79EFBC}") = "Warehouse_Management.Android", "Warehouse Management\Warehouse_Management.Android\Warehouse_Management.Android.csproj", "{BD9D3515-2077-4642-82D5-274E463B17CE}"
EndProject
Project("{FAE04EC0-301F-11D3-BF4B-00C04F79EFBC}") = "Warehouse_Management", "Warehouse Management\Warehouse_Management\Warehouse_Management.csproj", "{28CC2180-08D7-4C34-A753-C5611EFB91E3}"
EndProject
Project("{FAE04EC0-301F-11D3-BF4B-00C04F79EFBC}") = "Warehouse_Management.UWP", "Warehouse Management\Warehouse_Management.UWP\Warehouse_Management.UWP.csproj", "{8E11B415-E4DA-416C-B13D-BBD4C696AF5B}"
EndProject
Project("{FAE04EC0-301F-11D3-BF4B-00C04F79EFBC}") = "Warehouse_Management.iOS", "Warehouse Management\Warehouse_Management.iOS\Warehouse_Management.iOS.csproj", "{79976209-135E-4DF5-A1F0-88817CF7503A}"
EndProject
Global
	GlobalSection(SolutionConfigurationPlatforms) = preSolution
		Ad-Hoc|Any CPU = Ad-Hoc|Any CPU
		Ad-Hoc|ARM = Ad-Hoc|ARM
		Ad-Hoc|iPhone = Ad-Hoc|iPhone
		Ad-Hoc|iPhoneSimulator = Ad-Hoc|iPhoneSimulator
		Ad-Hoc|x64 = Ad-Hoc|x64
		Ad-Hoc|x86 = Ad-Hoc|x86
		AppStore|Any CPU = AppStore|Any CPU
		AppStore|ARM = AppStore|ARM
		AppStore|iPhone = AppStore|iPhone
		AppStore|iPhoneSimulator = AppStore|iPhoneSimulator
		AppStore|x64 = AppStore|x64
		AppStore|x86 = AppStore|x86
		Debug|Any CPU = Debug|Any CPU
		Debug|ARM = Debug|ARM
		Debug|iPhone = Debug|iPhone
		Debug|iPhoneSimulator = Debug|iPhoneSimulator
		Debug|x64 = Debug|x64
		Debug|x86 = Debug|x86
		Release|Any CPU = Release|Any CPU
		Release|ARM = Release|ARM
		Release|iPhone = Release|iPhone
		Release|iPhoneSimulator = Release|iPhoneSimulator
		Release|x64 = Release|x64
		Release|x86 = Release|x86
	EndGlobalSection
	GlobalSection(ProjectConfigurationPlatforms) = postSolution
		{BD9D3515-2077-4642-82D5-274E463B17CE}.Ad-Hoc|Any CPU.ActiveCfg = Release|Any CPU
		{BD9D3515-2077-4642-82D5-274E463B17CE}.Ad-Hoc|Any CPU.Build.0 = Release|Any CPU
		{BD9D3515-2077-4642-82D5-274E463B17CE}.Ad-Hoc|Any CPU.Deploy.0 = Release|Any CPU
		{BD9D3515-2077-4642-82D5-274E463B17CE}.Ad-Hoc|ARM.ActiveCfg = Release|Any CPU
		{BD9D3515-2077-4642-82D5-274E463B17CE}.Ad-Hoc|ARM.Build.0 = Release|Any CPU
		{BD9D3515-2077-4642-82D5-274E463B17CE}.Ad-Hoc|ARM.Deploy.0 = Release|Any CPU
		{BD9D3515-2077-4642-82D5-274E463B17CE}.Ad-Hoc|iPhone.ActiveCfg = Release|Any CPU
		{BD9D3515-2077-4642-82D5-274E463B17CE}.Ad-Hoc|iPhone.Build.0 = Release|Any CPU
		{BD9D3515-2077-4642-82D5-274E463B17CE}.Ad-Hoc|iPhone.Deploy.0 = Release|Any CPU
		{BD9D3515-2077-4642-82D5-274E463B17CE}.Ad-Hoc|iPhoneSimulator.ActiveCfg = Release|Any CPU
		{BD9D3515-2077-4642-82D5-274E463B17CE}.Ad-Hoc|iPhoneSimulator.Build.0 = Release|Any CPU
		{BD9D3515-2077-4642-82D5-274E463B17CE}.Ad-Hoc|iPhoneSimulator.Deploy.0 = Release|Any CPU
		{BD9D3515-2077-4642-82D5-274E463B17CE}.Ad-Hoc|x64.ActiveCfg = Release|Any CPU
		{BD9D3515-2077-4642-82D5-274E463B17CE}.Ad-Hoc|x64.Build.0 = Release|Any CPU
		{BD9D3515-2077-4642-82D5-274E463B17CE}.Ad-Hoc|x64.Deploy.0 = Release|Any CPU
		{BD9D3515-2077-4642-82D5-274E463B17CE}.Ad-Hoc|x86.ActiveCfg = Release|Any CPU
		{BD9D3515-2077-4642-82D5-274E463B17CE}.Ad-Hoc|x86.Build.0 = Release|Any CPU
		{BD9D3515-2077-4642-82D5-274E463B17CE}.Ad-Hoc|x86.Deploy.0 = Release|Any CPU
		{BD9D3515-2077-4642-82D5-274E463B17CE}.AppStore|Any CPU.ActiveCfg = Release|Any CPU
		{BD9D3515-2077-4642-82D5-274E463B17CE}.AppStore|Any CPU.Build.0 = Release|Any CPU
		{BD9D3515-2077-4642-82D5-274E463B17CE}.AppStore|Any CPU.Deploy.0 = Release|Any CPU
		{BD9D3515-2077-4642-82D5-274E463B17CE}.AppStore|ARM.ActiveCfg = Release|Any CPU
		{BD9D3515-2077-4642-82D5-274E463B17CE}.AppStore|ARM.Build.0 = Release|Any CPU
		{BD9D3515-2077-4642-82D5-274E463B17CE}.AppStore|ARM.Deploy.0 = Release|Any CPU
		{BD9D3515-2077-4642-82D5-274E463B17CE}.AppStore|iPhone.ActiveCfg = Release|Any CPU
		{BD9D3515-2077-4642-82D5-274E463B17CE}.AppStore|iPhone.Build.0 = Release|Any CPU
		{BD9D3515-2077-4642-82D5-274E463B17CE}.AppStore|iPhone.Deploy.0 = Release|Any CPU
		{BD9D3515-2077-4642-82D5-274E463B17CE}.AppStore|iPhoneSimulator.ActiveCfg = Release|Any CPU
		{BD9D3515-2077-4642-82D5-274E463B17CE}.AppStore|iPhoneSimulator.Build.0 = Release|Any CPU
		{BD9D3515-2077-4642-82D5-274E463B17CE}.AppStore|iPhoneSimulator.Deploy.0 = Release|Any CPU
		{BD9D3515-2077-4642-82D5-274E463B17CE}.AppStore|x64.ActiveCfg = Release|Any CPU
		{BD9D3515-2077-4642-82D5-274E463B17CE}.AppStore|x64.Build.0 = Release|Any CPU
		{BD9D3515-2077-4642-82D5-274E463B17CE}.AppStore|x64.Deploy.0 = Release|Any CPU
		{BD9D3515-2077-4642-82D5-274E463B17CE}.AppStore|x86.ActiveCfg = Release|Any CPU
		{BD9D3515-2077-4642-82D5-274E463B17CE}.AppStore|x86.Build.0 = Release|Any CPU
		{BD9D3515-2077-4642-82D5-274E463B17CE}.AppStore|x86.Deploy.0 = Release|Any CPU
		{BD9D3515-2077-4642-82D5-274E463B17CE}.Debug|Any CPU.ActiveCfg = Debug|Any CPU
		{BD9D3515-2077-4642-82D5-274E463B17CE}.Debug|Any CPU.Build.0 = Debug|Any CPU
		{BD9D3515-2077-4642-82D5-274E463B17CE}.Debug|Any CPU.Deploy.0 = Debug|Any CPU
		{BD9D3515-2077-4642-82D5-274E463B17CE}.Debug|ARM.ActiveCfg = Debug|Any CPU
		{BD9D3515-2077-4642-82D5-274E463B17CE}.Debug|ARM.Build.0 = Debug|Any CPU
		{BD9D3515-2077-4642-82D5-274E463B17CE}.Debug|ARM.Deploy.0 = Debug|Any CPU
		{BD9D3515-2077-4642-82D5-274E463B17CE}.Debug|iPhone.ActiveCfg = Debug|Any CPU
		{BD9D3515-2077-4642-82D5-274E463B17CE}.Debug|iPhone.Build.0 = Debug|Any CPU
		{BD9D3515-2077-4642-82D5-274E463B17CE}.Debug|iPhone.Deploy.0 = Debug|Any CPU
		{BD9D3515-2077-4642-82D5-274E463B17CE}.Debug|iPhoneSimulator.ActiveCfg = Debug|Any CPU
		{BD9D3515-2077-4642-82D5-274E463B17CE}.Debug|iPhoneSimulator.Build.0 = Debug|Any CPU
		{BD9D3515-2077-4642-82D5-274E463B17CE}.Debug|iPhoneSimulator.Deploy.0 = Debug|Any CPU
		{BD9D3515-2077-4642-82D5-274E463B17CE}.Debug|x64.ActiveCfg = Debug|Any CPU
		{BD9D3515-2077-4642-82D5-274E463B17CE}.Debug|x64.Build.0 = Debug|Any CPU
		{BD9D3515-2077-4642-82D5-274E463B17CE}.Debug|x64.Deploy.0 = Debug|Any CPU
		{BD9D3515-2077-4642-82D5-274E463B17CE}.Debug|x86.ActiveCfg = Debug|Any CPU
		{BD9D3515-2077-4642-82D5-274E463B17CE}.Debug|x86.Build.0 = Debug|Any CPU
		{BD9D3515-2077-4642-82D5-274E463B17CE}.Debug|x86.Deploy.0 = Debug|Any CPU
		{BD9D3515-2077-4642-82D5-274E463B17CE}.Release|Any CPU.ActiveCfg = Release|Any CPU
		{BD9D3515-2077-4642-82D5-274E463B17CE}.Release|Any CPU.Build.0 = Release|Any CPU
		{BD9D3515-2077-4642-82D5-274E463B17CE}.Release|Any CPU.Deploy.0 = Release|Any CPU
		{BD9D3515-2077-4642-82D5-274E463B17CE}.Release|ARM.ActiveCfg = Release|Any CPU
		{BD9D3515-2077-4642-82D5-274E463B17CE}.Release|ARM.Build.0 = Release|Any CPU
		{BD9D3515-2077-4642-82D5-274E463B17CE}.Release|ARM.Deploy.0 = Release|Any CPU
		{BD9D3515-2077-4642-82D5-274E463B17CE}.Release|iPhone.ActiveCfg = Release|Any CPU
		{BD9D3515-2077-4642-82D5-274E463B17CE}.Release|iPhone.Build.0 = Release|Any CPU
		{BD9D3515-2077-4642-82D5-274E463B17CE}.Release|iPhone.Deploy.0 = Release|Any CPU
		{BD9D3515-2077-4642-82D5-274E463B17CE}.Release|iPhoneSimulator.ActiveCfg = Release|Any CPU
		{BD9D3515-2077-4642-82D5-274E463B17CE}.Release|iPhoneSimulator.Build.0 = Release|Any CPU
		{BD9D3515-2077-4642-82D5-274E463B17CE}.Release|iPhoneSimulator.Deploy.0 = Release|Any CPU
		{BD9D3515-2077-4642-82D5-274E463B17CE}.Release|x64.ActiveCfg = Release|Any CPU
		{BD9D3515-2077-4642-82D5-274E463B17CE}.Release|x64.Build.0 = Release|Any CPU
		{BD9D3515-2077-4642-82D5-274E463B17CE}.Release|x64.Deploy.0 = Release|Any CPU
		{BD9D3515-2077-4642-82D5-274E463B17CE}.Release|x86.ActiveCfg = Release|Any CPU
		{BD9D3515-2077-4642-82D5-274E463B17CE}.Release|x86.Build.0 = Release|Any CPU
		{BD9D3515-2077-4642-82D5-274E463B17CE}.Release|x86.Deploy.0 = Release|Any CPU
		{28CC2180-08D7-4C34-A753-C5611EFB91E3}.Ad-Hoc|Any CPU.ActiveCfg = Release|Any CPU
		{28CC2180-08D7-4C34-A753-C5611EFB91E3}.Ad-Hoc|Any CPU.Build.0 = Release|Any CPU
		{28CC2180-08D7-4C34-A753-C5611EFB91E3}.Ad-Hoc|ARM.ActiveCfg = Release|Any CPU
		{28CC2180-08D7-4C34-A753-C5611EFB91E3}.Ad-Hoc|ARM.Build.0 = Release|Any CPU
		{28CC2180-08D7-4C34-A753-C5611EFB91E3}.Ad-Hoc|iPhone.ActiveCfg = Release|Any CPU
		{28CC2180-08D7-4C34-A753-C5611EFB91E3}.Ad-Hoc|iPhone.Build.0 = Release|Any CPU
		{28CC2180-08D7-4C34-A753-C5611EFB91E3}.Ad-Hoc|iPhoneSimulator.ActiveCfg = Release|Any CPU
		{28CC2180-08D7-4C34-A753-C5611EFB91E3}.Ad-Hoc|iPhoneSimulator.Build.0 = Release|Any CPU
		{28CC2180-08D7-4C34-A753-C5611EFB91E3}.Ad-Hoc|x64.ActiveCfg = Release|Any CPU
		{28CC2180-08D7-4C34-A753-C5611EFB91E3}.Ad-Hoc|x64.Build.0 = Release|Any CPU
		{28CC2180-08D7-4C34-A753-C5611EFB91E3}.Ad-Hoc|x86.ActiveCfg = Release|Any CPU
		{28CC2180-08D7-4C34-A753-C5611EFB91E3}.Ad-Hoc|x86.Build.0 = Release|Any CPU
		{28CC2180-08D7-4C34-A753-C5611EFB91E3}.AppStore|Any CPU.ActiveCfg = Release|Any CPU
		{28CC2180-08D7-4C34-A753-C5611EFB91E3}.AppStore|Any CPU.Build.0 = Release|Any CPU
		{28CC2180-08D7-4C34-A753-C5611EFB91E3}.AppStore|ARM.ActiveCfg = Release|Any CPU
		{28CC2180-08D7-4C34-A753-C5611EFB91E3}.AppStore|ARM.Build.0 = Release|Any CPU
		{28CC2180-08D7-4C34-A753-C5611EFB91E3}.AppStore|iPhone.ActiveCfg = Release|Any CPU
		{28CC2180-08D7-4C34-A753-C5611EFB91E3}.AppStore|iPhone.Build.0 = Release|Any CPU
		{28CC2180-08D7-4C34-A753-C5611EFB91E3}.AppStore|iPhoneSimulator.ActiveCfg = Release|Any CPU
		{28CC2180-08D7-4C34-A753-C5611EFB91E3}.AppStore|iPhoneSimulator.Build.0 = Release|Any CPU
		{28CC2180-08D7-4C34-A753-C5611EFB91E3}.AppStore|x64.ActiveCfg = Release|Any CPU
		{28CC2180-08D7-4C34-A753-C5611EFB91E3}.AppStore|x64.Build.0 = Release|Any CPU
		{28CC2180-08D7-4C34-A753-C5611EFB91E3}.AppStore|x86.ActiveCfg = Release|Any CPU
		{28CC2180-08D7-4C34-A753-C5611EFB91E3}.AppStore|x86.Build.0 = Release|Any CPU
		{28CC2180-08D7-4C34-A753-C5611EFB91E3}.Debug|Any CPU.ActiveCfg = Debug|Any CPU
		{28CC2180-08D7-4C34-A753-C5611EFB91E3}.Debug|Any CPU.Build.0 = Debug|Any CPU
		{28CC2180-08D7-4C34-A753-C5611EFB91E3}.Debug|ARM.ActiveCfg = Debug|Any CPU
		{28CC2180-08D7-4C34-A753-C5611EFB91E3}.Debug|ARM.Build.0 = Debug|Any CPU
		{28CC2180-08D7-4C34-A753-C5611EFB91E3}.Debug|iPhone.ActiveCfg = Debug|Any CPU
		{28CC2180-08D7-4C34-A753-C5611EFB91E3}.Debug|iPhone.Build.0 = Debug|Any CPU
		{28CC2180-08D7-4C34-A753-C5611EFB91E3}.Debug|iPhoneSimulator.ActiveCfg = Debug|Any CPU
		{28CC2180-08D7-4C34-A753-C5611EFB91E3}.Debug|iPhoneSimulator.Build.0 = Debug|Any CPU
		{28CC2180-08D7-4C34-A753-C5611EFB91E3}.Debug|x64.ActiveCfg = Debug|Any CPU
		{28CC2180-08D7-4C34-A753-C5611EFB91E3}.Debug|x64.Build.0 = Debug|Any CPU
		{28CC2180-08D7-4C34-A753-C5611EFB91E3}.Debug|x86.ActiveCfg = Debug|Any CPU
		{28CC2180-08D7-4C34-A753-C5611EFB91E3}.Debug|x86.Build.0 = Debug|Any CPU
		{28CC2180-08D7-4C34-A753-C5611EFB91E3}.Release|Any CPU.ActiveCfg = Release|Any CPU
		{28CC2180-08D7-4C34-A753-C5611EFB91E3}.Release|Any CPU.Build.0 = Release|Any CPU
		{28CC2180-08D7-4C34-A753-C5611EFB91E3}.Release|ARM.ActiveCfg = Release|Any CPU
		{28CC2180-08D7-4C34-A753-C5611EFB91E3}.Release|ARM.Build.0 = Release|Any CPU
		{28CC2180-08D7-4C34-A753-C5611EFB91E3}.Release|iPhone.ActiveCfg = Release|Any CPU
		{28CC2180-08D7-4C34-A753-C5611EFB91E3}.Release|iPhone.Build.0 = Release|Any CPU
		{28CC2180-08D7-4C34-A753-C5611EFB91E3}.Release|iPhoneSimulator.ActiveCfg = Release|Any CPU
		{28CC2180-08D7-4C34-A753-C5611EFB91E3}.Release|iPhoneSimulator.Build.0 = Release|Any CPU
		{28CC2180-08D7-4C34-A753-C5611EFB91E3}.Release|x64.ActiveCfg = Release|Any CPU
		{28CC2180-08D7-4C34-A753-C5611EFB91E3}.Release|x64.Build.0 = Release|Any CPU
		{28CC2180-08D7-4C34-A753-C5611EFB91E3}.Release|x86.ActiveCfg = Release|Any CPU
		{28CC2180-08D7-4C34-A753-C5611EFB91E3}.Release|x86.Build.0 = Release|Any CPU
		{8E11B415-E4DA-416C-B13D-BBD4C696AF5B}.Ad-Hoc|Any CPU.ActiveCfg = Release|x86
		{8E11B415-E4DA-416C-B13D-BBD4C696AF5B}.Ad-Hoc|Any CPU.Build.0 = Release|x86
		{8E11B415-E4DA-416C-B13D-BBD4C696AF5B}.Ad-Hoc|Any CPU.Deploy.0 = Release|x86
		{8E11B415-E4DA-416C-B13D-BBD4C696AF5B}.Ad-Hoc|ARM.ActiveCfg = Release|ARM
		{8E11B415-E4DA-416C-B13D-BBD4C696AF5B}.Ad-Hoc|ARM.Build.0 = Release|ARM
		{8E11B415-E4DA-416C-B13D-BBD4C696AF5B}.Ad-Hoc|ARM.Deploy.0 = Release|ARM
		{8E11B415-E4DA-416C-B13D-BBD4C696AF5B}.Ad-Hoc|iPhone.ActiveCfg = Release|x86
		{8E11B415-E4DA-416C-B13D-BBD4C696AF5B}.Ad-Hoc|iPhone.Build.0 = Release|x86
		{8E11B415-E4DA-416C-B13D-BBD4C696AF5B}.Ad-Hoc|iPhone.Deploy.0 = Release|x86
		{8E11B415-E4DA-416C-B13D-BBD4C696AF5B}.Ad-Hoc|iPhoneSimulator.ActiveCfg = Release|x86
		{8E11B415-E4DA-416C-B13D-BBD4C696AF5B}.Ad-Hoc|iPhoneSimulator.Build.0 = Release|x86
		{8E11B415-E4DA-416C-B13D-BBD4C696AF5B}.Ad-Hoc|iPhoneSimulator.Deploy.0 = Release|x86
		{8E11B415-E4DA-416C-B13D-BBD4C696AF5B}.Ad-Hoc|x64.ActiveCfg = Release|x64
		{8E11B415-E4DA-416C-B13D-BBD4C696AF5B}.Ad-Hoc|x64.Build.0 = Release|x64
		{8E11B415-E4DA-416C-B13D-BBD4C696AF5B}.Ad-Hoc|x64.Deploy.0 = Release|x64
		{8E11B415-E4DA-416C-B13D-BBD4C696AF5B}.Ad-Hoc|x86.ActiveCfg = Release|x86
		{8E11B415-E4DA-416C-B13D-BBD4C696AF5B}.Ad-Hoc|x86.Build.0 = Release|x86
		{8E11B415-E4DA-416C-B13D-BBD4C696AF5B}.Ad-Hoc|x86.Deploy.0 = Release|x86
		{8E11B415-E4DA-416C-B13D-BBD4C696AF5B}.AppStore|Any CPU.ActiveCfg = Release|x86
		{8E11B415-E4DA-416C-B13D-BBD4C696AF5B}.AppStore|Any CPU.Build.0 = Release|x86
		{8E11B415-E4DA-416C-B13D-BBD4C696AF5B}.AppStore|Any CPU.Deploy.0 = Release|x86
		{8E11B415-E4DA-416C-B13D-BBD4C696AF5B}.AppStore|ARM.ActiveCfg = Release|ARM
		{8E11B415-E4DA-416C-B13D-BBD4C696AF5B}.AppStore|ARM.Build.0 = Release|ARM
		{8E11B415-E4DA-416C-B13D-BBD4C696AF5B}.AppStore|ARM.Deploy.0 = Release|ARM
		{8E11B415-E4DA-416C-B13D-BBD4C696AF5B}.AppStore|iPhone.ActiveCfg = Release|x86
		{8E11B415-E4DA-416C-B13D-BBD4C696AF5B}.AppStore|iPhone.Build.0 = Release|x86
		{8E11B415-E4DA-416C-B13D-BBD4C696AF5B}.AppStore|iPhone.Deploy.0 = Release|x86
		{8E11B415-E4DA-416C-B13D-BBD4C696AF5B}.AppStore|iPhoneSimulator.ActiveCfg = Release|x86
		{8E11B415-E4DA-416C-B13D-BBD4C696AF5B}.AppStore|iPhoneSimulator.Build.0 = Release|x86
		{8E11B415-E4DA-416C-B13D-BBD4C696AF5B}.AppStore|iPhoneSimulator.Deploy.0 = Release|x86
		{8E11B415-E4DA-416C-B13D-BBD4C696AF5B}.AppStore|x64.ActiveCfg = Release|x64
		{8E11B415-E4DA-416C-B13D-BBD4C696AF5B}.AppStore|x64.Build.0 = Release|x64
		{8E11B415-E4DA-416C-B13D-BBD4C696AF5B}.AppStore|x64.Deploy.0 = Release|x64
		{8E11B415-E4DA-416C-B13D-BBD4C696AF5B}.AppStore|x86.ActiveCfg = Release|x86
		{8E11B415-E4DA-416C-B13D-BBD4C696AF5B}.AppStore|x86.Build.0 = Release|x86
		{8E11B415-E4DA-416C-B13D-BBD4C696AF5B}.AppStore|x86.Deploy.0 = Release|x86
		{8E11B415-E4DA-416C-B13D-BBD4C696AF5B}.Debug|Any CPU.ActiveCfg = Debug|x86
		{8E11B415-E4DA-416C-B13D-BBD4C696AF5B}.Debug|Any CPU.Build.0 = Debug|x86
		{8E11B415-E4DA-416C-B13D-BBD4C696AF5B}.Debug|Any CPU.Deploy.0 = Debug|x86
		{8E11B415-E4DA-416C-B13D-BBD4C696AF5B}.Debug|ARM.ActiveCfg = Debug|ARM
		{8E11B415-E4DA-416C-B13D-BBD4C696AF5B}.Debug|ARM.Build.0 = Debug|ARM
		{8E11B415-E4DA-416C-B13D-BBD4C696AF5B}.Debug|ARM.Deploy.0 = Debug|ARM
		{8E11B415-E4DA-416C-B13D-BBD4C696AF5B}.Debug|iPhone.ActiveCfg = Debug|x86
		{8E11B415-E4DA-416C-B13D-BBD4C696AF5B}.Debug|iPhoneSimulator.ActiveCfg = Debug|x86
		{8E11B415-E4DA-416C-B13D-BBD4C696AF5B}.Debug|x64.ActiveCfg = Debug|x64
		{8E11B415-E4DA-416C-B13D-BBD4C696AF5B}.Debug|x64.Build.0 = Debug|x64
		{8E11B415-E4DA-416C-B13D-BBD4C696AF5B}.Debug|x64.Deploy.0 = Debug|x64
		{8E11B415-E4DA-416C-B13D-BBD4C696AF5B}.Debug|x86.ActiveCfg = Debug|x86
		{8E11B415-E4DA-416C-B13D-BBD4C696AF5B}.Debug|x86.Build.0 = Debug|x86
		{8E11B415-E4DA-416C-B13D-BBD4C696AF5B}.Debug|x86.Deploy.0 = Debug|x86
		{8E11B415-E4DA-416C-B13D-BBD4C696AF5B}.Release|Any CPU.ActiveCfg = Release|x86
		{8E11B415-E4DA-416C-B13D-BBD4C696AF5B}.Release|ARM.ActiveCfg = Release|ARM
		{8E11B415-E4DA-416C-B13D-BBD4C696AF5B}.Release|ARM.Build.0 = Release|ARM
		{8E11B415-E4DA-416C-B13D-BBD4C696AF5B}.Release|ARM.Deploy.0 = Release|ARM
		{8E11B415-E4DA-416C-B13D-BBD4C696AF5B}.Release|iPhone.ActiveCfg = Release|x86
		{8E11B415-E4DA-416C-B13D-BBD4C696AF5B}.Release|iPhoneSimulator.ActiveCfg = Release|x86
		{8E11B415-E4DA-416C-B13D-BBD4C696AF5B}.Release|x64.ActiveCfg = Release|x64
		{8E11B415-E4DA-416C-B13D-BBD4C696AF5B}.Release|x64.Build.0 = Release|x64
		{8E11B415-E4DA-416C-B13D-BBD4C696AF5B}.Release|x64.Deploy.0 = Release|x64
		{8E11B415-E4DA-416C-B13D-BBD4C696AF5B}.Release|x86.ActiveCfg = Release|x86
		{8E11B415-E4DA-416C-B13D-BBD4C696AF5B}.Release|x86.Build.0 = Release|x86
		{8E11B415-E4DA-416C-B13D-BBD4C696AF5B}.Release|x86.Deploy.0 = Release|x86
		{79976209-135E-4DF5-A1F0-88817CF7503A}.Ad-Hoc|Any CPU.ActiveCfg = Ad-Hoc|iPhone
		{79976209-135E-4DF5-A1F0-88817CF7503A}.Ad-Hoc|ARM.ActiveCfg = Ad-Hoc|iPhone
		{79976209-135E-4DF5-A1F0-88817CF7503A}.Ad-Hoc|iPhone.ActiveCfg = Ad-Hoc|iPhone
		{79976209-135E-4DF5-A1F0-88817CF7503A}.Ad-Hoc|iPhone.Build.0 = Ad-Hoc|iPhone
		{79976209-135E-4DF5-A1F0-88817CF7503A}.Ad-Hoc|iPhoneSimulator.ActiveCfg = Ad-Hoc|iPhoneSimulator
		{79976209-135E-4DF5-A1F0-88817CF7503A}.Ad-Hoc|iPhoneSimulator.Build.0 = Ad-Hoc|iPhoneSimulator
		{79976209-135E-4DF5-A1F0-88817CF7503A}.Ad-Hoc|x64.ActiveCfg = Ad-Hoc|iPhone
		{79976209-135E-4DF5-A1F0-88817CF7503A}.Ad-Hoc|x86.ActiveCfg = Ad-Hoc|iPhone
		{79976209-135E-4DF5-A1F0-88817CF7503A}.AppStore|Any CPU.ActiveCfg = AppStore|iPhone
		{79976209-135E-4DF5-A1F0-88817CF7503A}.AppStore|ARM.ActiveCfg = AppStore|iPhone
		{79976209-135E-4DF5-A1F0-88817CF7503A}.AppStore|iPhone.ActiveCfg = AppStore|iPhone
		{79976209-135E-4DF5-A1F0-88817CF7503A}.AppStore|iPhone.Build.0 = AppStore|iPhone
		{79976209-135E-4DF5-A1F0-88817CF7503A}.AppStore|iPhoneSimulator.ActiveCfg = AppStore|iPhoneSimulator
		{79976209-135E-4DF5-A1F0-88817CF7503A}.AppStore|iPhoneSimulator.Build.0 = AppStore|iPhoneSimulator
		{79976209-135E-4DF5-A1F0-88817CF7503A}.AppStore|x64.ActiveCfg = AppStore|iPhone
		{79976209-135E-4DF5-A1F0-88817CF7503A}.AppStore|x86.ActiveCfg = AppStore|iPhone
		{79976209-135E-4DF5-A1F0-88817CF7503A}.Debug|Any CPU.ActiveCfg = Debug|iPhone
		{79976209-135E-4DF5-A1F0-88817CF7503A}.Debug|ARM.ActiveCfg = Debug|iPhone
		{79976209-135E-4DF5-A1F0-88817CF7503A}.Debug|iPhone.ActiveCfg = Debug|iPhone
		{79976209-135E-4DF5-A1F0-88817CF7503A}.Debug|iPhone.Build.0 = Debug|iPhone
		{79976209-135E-4DF5-A1F0-88817CF7503A}.Debug|iPhoneSimulator.ActiveCfg = Debug|iPhoneSimulator
		{79976209-135E-4DF5-A1F0-88817CF7503A}.Debug|iPhoneSimulator.Build.0 = Debug|iPhoneSimulator
		{79976209-135E-4DF5-A1F0-88817CF7503A}.Debug|x64.ActiveCfg = Debug|iPhone
		{79976209-135E-4DF5-A1F0-88817CF7503A}.Debug|x86.ActiveCfg = Debug|iPhone
		{79976209-135E-4DF5-A1F0-88817CF7503A}.Release|Any CPU.ActiveCfg = Release|iPhone
		{79976209-135E-4DF5-A1F0-88817CF7503A}.Release|ARM.ActiveCfg = Release|iPhone
		{79976209-135E-4DF5-A1F0-88817CF7503A}.Release|iPhone.ActiveCfg = Release|iPhone
		{79976209-135E-4DF5-A1F0-88817CF7503A}.Release|iPhone.Build.0 = Release|iPhone
		{79976209-135E-4DF5-A1F0-88817CF7503A}.Release|iPhoneSimulator.ActiveCfg = Release|iPhoneSimulator
		{79976209-135E-4DF5-A1F0-88817CF7503A}.Release|iPhoneSimulator.Build.0 = Release|iPhoneSimulator
		{79976209-135E-4DF5-A1F0-88817CF7503A}.Release|x64.ActiveCfg = Release|iPhone
		{79976209-135E-4DF5-A1F0-88817CF7503A}.Release|x86.ActiveCfg = Release|iPhone
	EndGlobalSection
	GlobalSection(SolutionProperties) = preSolution
		HideSolutionNode = FALSE
	EndGlobalSection
EndGlobal
